
Microsoft Visual Studio Solution File, Format Version 12.00
# Visual Studio Version 16
VisualStudioVersion = 16.0.30330.147
MinimumVisualStudioVersion = 10.0.40219.1
Project("{FAE04EC0-301F-11D3-BF4B-00C04F79EFBC}") = "ApiSeccureStudent", "ApiSeccureStudent\ApiSeccureStudent.csproj", "{1BEF8BD5-0EAE-4321-A1D6-D29B915BAEC3}"
EndProject
Project("{FAE04EC0-301F-11D3-BF4B-00C04F79EFBC}") = "UtEstudianteSeguro.Test", "UtEstudianteSeguro.Test\UtEstudianteSeguro.Test.csproj", "{DF902E41-9047-4C58-B1A3-50DAE62B8402}"
EndProject
Project("{FAE04EC0-301F-11D3-BF4B-00C04F79EFBC}") = "admStudentSecurity", "admStudentSecurity\admStudentSecurity.csproj", "{246F0E4E-9016-4A7E-96D8-9C6BA04A7010}"
EndProject
Project("{FAE04EC0-301F-11D3-BF4B-00C04F79EFBC}") = "StudentSecurity.Tests", "StudentSecurity.Tests\StudentSecurity.Tests.csproj", "{D9E5E925-8F8E-4896-8C79-97CDA359BAB0}"
EndProject
Global
	GlobalSection(SolutionConfigurationPlatforms) = preSolution
		Debug|Any CPU = Debug|Any CPU
		Release|Any CPU = Release|Any CPU
	EndGlobalSection
	GlobalSection(ProjectConfigurationPlatforms) = postSolution
		{1BEF8BD5-0EAE-4321-A1D6-D29B915BAEC3}.Debug|Any CPU.ActiveCfg = Debug|Any CPU
		{1BEF8BD5-0EAE-4321-A1D6-D29B915BAEC3}.Debug|Any CPU.Build.0 = Debug|Any CPU
		{1BEF8BD5-0EAE-4321-A1D6-D29B915BAEC3}.Release|Any CPU.ActiveCfg = Release|Any CPU
		{1BEF8BD5-0EAE-4321-A1D6-D29B915BAEC3}.Release|Any CPU.Build.0 = Release|Any CPU
		{DF902E41-9047-4C58-B1A3-50DAE62B8402}.Debug|Any CPU.ActiveCfg = Debug|Any CPU
		{DF902E41-9047-4C58-B1A3-50DAE62B8402}.Debug|Any CPU.Build.0 = Debug|Any CPU
		{DF902E41-9047-4C58-B1A3-50DAE62B8402}.Release|Any CPU.ActiveCfg = Release|Any CPU
		{DF902E41-9047-4C58-B1A3-50DAE62B8402}.Release|Any CPU.Build.0 = Release|Any CPU
		{246F0E4E-9016-4A7E-96D8-9C6BA04A7010}.Debug|Any CPU.ActiveCfg = Debug|Any CPU
		{246F0E4E-9016-4A7E-96D8-9C6BA04A7010}.Debug|Any CPU.Build.0 = Debug|Any CPU
		{246F0E4E-9016-4A7E-96D8-9C6BA04A7010}.Release|Any CPU.ActiveCfg = Release|Any CPU
		{246F0E4E-9016-4A7E-96D8-9C6BA04A7010}.Release|Any CPU.Build.0 = Release|Any CPU
		{D9E5E925-8F8E-4896-8C79-97CDA359BAB0}.Debug|Any CPU.ActiveCfg = Debug|Any CPU
		{D9E5E925-8F8E-4896-8C79-97CDA359BAB0}.Debug|Any CPU.Build.0 = Debug|Any CPU
		{D9E5E925-8F8E-4896-8C79-97CDA359BAB0}.Release|Any CPU.ActiveCfg = Release|Any CPU
		{D9E5E925-8F8E-4896-8C79-97CDA359BAB0}.Release|Any CPU.Build.0 = Release|Any CPU
	EndGlobalSection
	GlobalSection(SolutionProperties) = preSolution
		HideSolutionNode = FALSE
	EndGlobalSection
	GlobalSection(ExtensibilityGlobals) = postSolution
		SolutionGuid = {2D31FCCC-867D-445A-9E69-78597D59608B}
	EndGlobalSection
EndGlobal
